{
  "version": 4,
  "terraform_version": "1.11.3",
  "serial": 885,
  "lineage": "7754fe46-bba8-8719-cef6-8cc71be074d6",
  "outputs": {
    "instance_ips": {
      "value": {
        "k8s-app": "130.193.49.38",
        "k8s-master": "84.201.129.76",
        "srv": "51.250.81.129"
      },
      "type": [
        "object",
        {
          "k8s-app": "string",
          "k8s-master": "string",
          "srv": "string"
        }
      ]
    }
  },
  "resources": [
    {
      "mode": "managed",
      "type": "null_resource",
      "name": "write_inventory",
      "provider": "provider[\"registry.terraform.io/hashicorp/null\"]",
      "instances": [
        {
          "schema_version": 0,
          "attributes": {
            "id": "3874943834688408802",
            "triggers": null
          },
          "sensitive_attributes": [],
          "dependencies": [
            "yandex_compute_instance.k8s_app",
            "yandex_compute_instance.k8s_master",
            "yandex_compute_instance.srv",
            "yandex_vpc_network.main_network",
            "yandex_vpc_subnet.main_subnet"
          ]
        }
      ]
    },
    {
      "mode": "managed",
      "type": "yandex_compute_instance",
      "name": "k8s_app",
      "provider": "provider[\"registry.terraform.io/yandex-cloud/yandex\"]",
      "instances": [
        {
          "schema_version": 1,
          "attributes": {
            "allow_recreate": null,
            "allow_stopping_for_update": null,
            "boot_disk": [
              {
                "auto_delete": true,
                "device_name": "fhm1u66aemm4kpe9d8d3",
                "disk_id": "fhm1u66aemm4kpe9d8d3",
                "initialize_params": [
                  {
                    "block_size": 4096,
                    "description": "",
                    "image_id": "fd80bm0rh4rkepi5ksdi",
                    "name": "",
                    "size": 50,
                    "snapshot_id": "",
                    "type": "network-hdd"
                  }
                ],
                "mode": "READ_WRITE"
              }
            ],
            "created_at": "2025-04-09T09:21:36Z",
            "description": "",
            "filesystem": [],
            "folder_id": "b1grpu8ht5p4p9pj4bkd",
            "fqdn": "fhmqei90s0gdba59vj45.auto.internal",
            "gpu_cluster_id": "",
            "hardware_generation": [
              {
                "generation2_features": [],
                "legacy_features": [
                  {
                    "pci_topology": "PCI_TOPOLOGY_V1"
                  }
                ]
              }
            ],
            "hostname": "",
            "id": "fhmqei90s0gdba59vj45",
            "labels": null,
            "local_disk": [],
            "maintenance_grace_period": "",
            "maintenance_policy": null,
            "metadata": {
              "ssh-keys": "grid:ssh-rsa AAAAB3NzaC1yc2EAAAADAQABAAACAQDlek+g5PcxTCd/diIq8Mod8gs/eLdG+GP09dlgGuUkUylIX2VC4ZYO4EnwiCOx7UNq4kmov77uGhHwGvU7+z7hzBXrzZmxM4DXWgRZbQDXe8/vx/l/e0QJu7qvzOlflOHSN5dJTlttK8KNnUczDwG7Ae3MHk7EU/8ujAqXWPzpnOkzsJUexZQ+xROrXrP03vwfS9hoqMqRdSldI1AyLwUVU5UPPoTgAq1C2JgmX7NNCwdEesVyNsv7jZlcXNK29SE4JEMUOH5JHBSmUbrEYetagM0w6/v5bLPlAGz80r3bPA57TT3YXuC/OiNrfnnaeVq5t8ZKaUTFkpjLk3LnpQbnf65eKufw7hvJPVAIwEXDl/xRnLPZdDQbr8AklMcYT8v3t9Vl8Np5+n6gpiXHhb22PX5eq7Yh/L+C7SddamLftCbxVmG6OjV+cV3gOC4fdOQCXf6EcVlCyFaKYtUfe/ChmchjZhOl2/KXf//0FwFcvcvgPQGESzVS3eX0qvt+HO6BLaLaW7abcLwAloZB+t/adMy7CHfIqtXDQC1tSOtLnh/ClfnVVY/ubU/kRSlk0J0qDgZimf5yydGO4c+mfRwWOrsayGV2lVZ+BTccBd50V15FLLRv8xI052h+py0kgZ4NJDmOxuv3EwGg3KcrGZRDKgD6zOCGgU8wqNWOMTqIwQ== root@gridtestvm\n"
            },
            "metadata_options": [
              {
                "aws_v1_http_endpoint": 1,
                "aws_v1_http_token": 2,
                "gce_http_endpoint": 1,
                "gce_http_token": 1
              }
            ],
            "name": "k8s-app",
            "network_acceleration_type": "standard",
            "network_interface": [
              {
                "dns_record": [],
                "index": 0,
                "ip_address": "10.0.0.25",
                "ipv4": true,
                "ipv6": false,
                "ipv6_address": "",
                "ipv6_dns_record": [],
                "mac_address": "d0:0d:1a:74:92:0e",
                "nat": true,
                "nat_dns_record": [],
                "nat_ip_address": "130.193.49.38",
                "nat_ip_version": "IPV4",
                "security_group_ids": [],
                "subnet_id": "e9bqfb4e4711o3i4rpcm"
              }
            ],
            "placement_policy": [
              {
                "host_affinity_rules": [],
                "placement_group_id": "",
                "placement_group_partition": 0
              }
            ],
            "platform_id": "standard-v2",
            "resources": [
              {
                "core_fraction": 100,
                "cores": 2,
                "gpus": 0,
                "memory": 4
              }
            ],
            "scheduling_policy": [
              {
                "preemptible": false
              }
            ],
            "secondary_disk": [],
            "service_account_id": "",
            "status": "running",
            "timeouts": null,
            "zone": "ru-central1-a"
          },
          "sensitive_attributes": [],
          "private": "eyJlMmJmYjczMC1lY2FhLTExZTYtOGY4OC0zNDM2M2JjN2M0YzAiOnsiY3JlYXRlIjozMDAwMDAwMDAwMDAsImRlbGV0ZSI6MzAwMDAwMDAwMDAwLCJ1cGRhdGUiOjMwMDAwMDAwMDAwMH0sInNjaGVtYV92ZXJzaW9uIjoiMSJ9",
          "dependencies": [
            "yandex_vpc_network.main_network",
            "yandex_vpc_subnet.main_subnet"
          ]
        }
      ]
    },
    {
      "mode": "managed",
      "type": "yandex_compute_instance",
      "name": "k8s_master",
      "provider": "provider[\"registry.terraform.io/yandex-cloud/yandex\"]",
      "instances": [
        {
          "schema_version": 1,
          "attributes": {
            "allow_recreate": null,
            "allow_stopping_for_update": null,
            "boot_disk": [
              {
                "auto_delete": true,
                "device_name": "fhmed6u7bqeb7m1i7nck",
                "disk_id": "fhmed6u7bqeb7m1i7nck",
                "initialize_params": [
                  {
                    "block_size": 4096,
                    "description": "",
                    "image_id": "fd80bm0rh4rkepi5ksdi",
                    "name": "",
                    "size": 50,
                    "snapshot_id": "",
                    "type": "network-hdd"
                  }
                ],
                "mode": "READ_WRITE"
              }
            ],
            "created_at": "2025-04-09T09:21:36Z",
            "description": "",
            "filesystem": [],
            "folder_id": "b1grpu8ht5p4p9pj4bkd",
            "fqdn": "fhmdcbut3fsgqk8vbjpc.auto.internal",
            "gpu_cluster_id": "",
            "hardware_generation": [
              {
                "generation2_features": [],
                "legacy_features": [
                  {
                    "pci_topology": "PCI_TOPOLOGY_V1"
                  }
                ]
              }
            ],
            "hostname": "",
            "id": "fhmdcbut3fsgqk8vbjpc",
            "labels": null,
            "local_disk": [],
            "maintenance_grace_period": "",
            "maintenance_policy": null,
            "metadata": {
              "ssh-keys": "grid:ssh-rsa AAAAB3NzaC1yc2EAAAADAQABAAACAQDlek+g5PcxTCd/diIq8Mod8gs/eLdG+GP09dlgGuUkUylIX2VC4ZYO4EnwiCOx7UNq4kmov77uGhHwGvU7+z7hzBXrzZmxM4DXWgRZbQDXe8/vx/l/e0QJu7qvzOlflOHSN5dJTlttK8KNnUczDwG7Ae3MHk7EU/8ujAqXWPzpnOkzsJUexZQ+xROrXrP03vwfS9hoqMqRdSldI1AyLwUVU5UPPoTgAq1C2JgmX7NNCwdEesVyNsv7jZlcXNK29SE4JEMUOH5JHBSmUbrEYetagM0w6/v5bLPlAGz80r3bPA57TT3YXuC/OiNrfnnaeVq5t8ZKaUTFkpjLk3LnpQbnf65eKufw7hvJPVAIwEXDl/xRnLPZdDQbr8AklMcYT8v3t9Vl8Np5+n6gpiXHhb22PX5eq7Yh/L+C7SddamLftCbxVmG6OjV+cV3gOC4fdOQCXf6EcVlCyFaKYtUfe/ChmchjZhOl2/KXf//0FwFcvcvgPQGESzVS3eX0qvt+HO6BLaLaW7abcLwAloZB+t/adMy7CHfIqtXDQC1tSOtLnh/ClfnVVY/ubU/kRSlk0J0qDgZimf5yydGO4c+mfRwWOrsayGV2lVZ+BTccBd50V15FLLRv8xI052h+py0kgZ4NJDmOxuv3EwGg3KcrGZRDKgD6zOCGgU8wqNWOMTqIwQ== root@gridtestvm\n"
            },
            "metadata_options": [
              {
                "aws_v1_http_endpoint": 1,
                "aws_v1_http_token": 2,
                "gce_http_endpoint": 1,
                "gce_http_token": 1
              }
            ],
            "name": "k8s-master",
            "network_acceleration_type": "standard",
            "network_interface": [
              {
                "dns_record": [],
                "index": 0,
                "ip_address": "10.0.0.5",
                "ipv4": true,
                "ipv6": false,
                "ipv6_address": "",
                "ipv6_dns_record": [],
                "mac_address": "d0:0d:d6:2f:dd:1b",
                "nat": true,
                "nat_dns_record": [],
                "nat_ip_address": "84.201.129.76",
                "nat_ip_version": "IPV4",
                "security_group_ids": [],
                "subnet_id": "e9bqfb4e4711o3i4rpcm"
              }
            ],
            "placement_policy": [
              {
                "host_affinity_rules": [],
                "placement_group_id": "",
                "placement_group_partition": 0
              }
            ],
            "platform_id": "standard-v2",
            "resources": [
              {
                "core_fraction": 100,
                "cores": 2,
                "gpus": 0,
                "memory": 4
              }
            ],
            "scheduling_policy": [
              {
                "preemptible": false
              }
            ],
            "secondary_disk": [],
            "service_account_id": "",
            "status": "running",
            "timeouts": null,
            "zone": "ru-central1-a"
          },
          "sensitive_attributes": [],
          "private": "eyJlMmJmYjczMC1lY2FhLTExZTYtOGY4OC0zNDM2M2JjN2M0YzAiOnsiY3JlYXRlIjozMDAwMDAwMDAwMDAsImRlbGV0ZSI6MzAwMDAwMDAwMDAwLCJ1cGRhdGUiOjMwMDAwMDAwMDAwMH0sInNjaGVtYV92ZXJzaW9uIjoiMSJ9",
          "dependencies": [
            "yandex_vpc_network.main_network",
            "yandex_vpc_subnet.main_subnet"
          ]
        }
      ]
    },
    {
      "mode": "managed",
      "type": "yandex_compute_instance",
      "name": "srv",
      "provider": "provider[\"registry.terraform.io/yandex-cloud/yandex\"]",
      "instances": [
        {
          "schema_version": 1,
          "attributes": {
            "allow_recreate": null,
            "allow_stopping_for_update": null,
            "boot_disk": [
              {
                "auto_delete": true,
                "device_name": "fhmkpaj29ntnafmafavb",
                "disk_id": "fhmkpaj29ntnafmafavb",
                "initialize_params": [
                  {
                    "block_size": 4096,
                    "description": "",
                    "image_id": "fd80bm0rh4rkepi5ksdi",
                    "name": "",
                    "size": 50,
                    "snapshot_id": "",
                    "type": "network-hdd"
                  }
                ],
                "mode": "READ_WRITE"
              }
            ],
            "created_at": "2025-04-09T09:21:36Z",
            "description": "",
            "filesystem": [],
            "folder_id": "b1grpu8ht5p4p9pj4bkd",
            "fqdn": "fhmcoesolk3o1mjfaef9.auto.internal",
            "gpu_cluster_id": "",
            "hardware_generation": [
              {
                "generation2_features": [],
                "legacy_features": [
                  {
                    "pci_topology": "PCI_TOPOLOGY_V1"
                  }
                ]
              }
            ],
            "hostname": "",
            "id": "fhmcoesolk3o1mjfaef9",
            "labels": null,
            "local_disk": [],
            "maintenance_grace_period": "",
            "maintenance_policy": null,
            "metadata": {
              "ssh-keys": "grid:ssh-rsa AAAAB3NzaC1yc2EAAAADAQABAAACAQDlek+g5PcxTCd/diIq8Mod8gs/eLdG+GP09dlgGuUkUylIX2VC4ZYO4EnwiCOx7UNq4kmov77uGhHwGvU7+z7hzBXrzZmxM4DXWgRZbQDXe8/vx/l/e0QJu7qvzOlflOHSN5dJTlttK8KNnUczDwG7Ae3MHk7EU/8ujAqXWPzpnOkzsJUexZQ+xROrXrP03vwfS9hoqMqRdSldI1AyLwUVU5UPPoTgAq1C2JgmX7NNCwdEesVyNsv7jZlcXNK29SE4JEMUOH5JHBSmUbrEYetagM0w6/v5bLPlAGz80r3bPA57TT3YXuC/OiNrfnnaeVq5t8ZKaUTFkpjLk3LnpQbnf65eKufw7hvJPVAIwEXDl/xRnLPZdDQbr8AklMcYT8v3t9Vl8Np5+n6gpiXHhb22PX5eq7Yh/L+C7SddamLftCbxVmG6OjV+cV3gOC4fdOQCXf6EcVlCyFaKYtUfe/ChmchjZhOl2/KXf//0FwFcvcvgPQGESzVS3eX0qvt+HO6BLaLaW7abcLwAloZB+t/adMy7CHfIqtXDQC1tSOtLnh/ClfnVVY/ubU/kRSlk0J0qDgZimf5yydGO4c+mfRwWOrsayGV2lVZ+BTccBd50V15FLLRv8xI052h+py0kgZ4NJDmOxuv3EwGg3KcrGZRDKgD6zOCGgU8wqNWOMTqIwQ== root@gridtestvm\n"
            },
            "metadata_options": [
              {
                "aws_v1_http_endpoint": 1,
                "aws_v1_http_token": 2,
                "gce_http_endpoint": 1,
                "gce_http_token": 1
              }
            ],
            "name": "srv",
            "network_acceleration_type": "standard",
            "network_interface": [
              {
                "dns_record": [],
                "index": 0,
                "ip_address": "10.0.0.10",
                "ipv4": true,
                "ipv6": false,
                "ipv6_address": "",
                "ipv6_dns_record": [],
                "mac_address": "d0:0d:cc:3b:98:ad",
                "nat": true,
                "nat_dns_record": [],
                "nat_ip_address": "51.250.81.129",
                "nat_ip_version": "IPV4",
                "security_group_ids": [],
                "subnet_id": "e9bqfb4e4711o3i4rpcm"
              }
            ],
            "placement_policy": [
              {
                "host_affinity_rules": [],
                "placement_group_id": "",
                "placement_group_partition": 0
              }
            ],
            "platform_id": "standard-v2",
            "resources": [
              {
                "core_fraction": 100,
                "cores": 2,
                "gpus": 0,
                "memory": 8
              }
            ],
            "scheduling_policy": [
              {
                "preemptible": false
              }
            ],
            "secondary_disk": [],
            "service_account_id": "",
            "status": "running",
            "timeouts": null,
            "zone": "ru-central1-a"
          },
          "sensitive_attributes": [],
          "private": "eyJlMmJmYjczMC1lY2FhLTExZTYtOGY4OC0zNDM2M2JjN2M0YzAiOnsiY3JlYXRlIjozMDAwMDAwMDAwMDAsImRlbGV0ZSI6MzAwMDAwMDAwMDAwLCJ1cGRhdGUiOjMwMDAwMDAwMDAwMH0sInNjaGVtYV92ZXJzaW9uIjoiMSJ9",
          "dependencies": [
            "yandex_vpc_network.main_network",
            "yandex_vpc_subnet.main_subnet"
          ]
        }
      ]
    },
    {
      "mode": "managed",
      "type": "yandex_vpc_network",
      "name": "main_network",
      "provider": "provider[\"registry.terraform.io/yandex-cloud/yandex\"]",
      "instances": [
        {
          "schema_version": 0,
          "attributes": {
            "created_at": "2025-04-09T09:21:33Z",
            "default_security_group_id": "enp1etsshf64383o4reh",
            "description": "Main VPC network for our resources",
            "folder_id": "b1grpu8ht5p4p9pj4bkd",
            "id": "enp2qv0gmc8c4a6fckj6",
            "labels": {},
            "name": "main-network",
            "subnet_ids": [],
            "timeouts": null
          },
          "sensitive_attributes": [],
          "private": "eyJlMmJmYjczMC1lY2FhLTExZTYtOGY4OC0zNDM2M2JjN2M0YzAiOnsiY3JlYXRlIjo2MDAwMDAwMDAwMCwiZGVsZXRlIjo2MDAwMDAwMDAwMCwidXBkYXRlIjo2MDAwMDAwMDAwMH19"
        }
      ]
    },
    {
      "mode": "managed",
      "type": "yandex_vpc_subnet",
      "name": "main_subnet",
      "provider": "provider[\"registry.terraform.io/yandex-cloud/yandex\"]",
      "instances": [
        {
          "schema_version": 0,
          "attributes": {
            "created_at": "2025-04-09T09:21:35Z",
            "description": "",
            "dhcp_options": [],
            "folder_id": "b1grpu8ht5p4p9pj4bkd",
            "id": "e9bqfb4e4711o3i4rpcm",
            "labels": {},
            "name": "default-subnet",
            "network_id": "enp2qv0gmc8c4a6fckj6",
            "route_table_id": "",
            "timeouts": null,
            "v4_cidr_blocks": [
              "10.0.0.0/24"
            ],
            "v6_cidr_blocks": [],
            "zone": "ru-central1-a"
          },
          "sensitive_attributes": [],
          "private": "eyJlMmJmYjczMC1lY2FhLTExZTYtOGY4OC0zNDM2M2JjN2M0YzAiOnsiY3JlYXRlIjoxODAwMDAwMDAwMDAsImRlbGV0ZSI6MTgwMDAwMDAwMDAwLCJ1cGRhdGUiOjE4MDAwMDAwMDAwMH19",
          "dependencies": [
            "yandex_vpc_network.main_network"
          ]
        }
      ]
    }
  ],
  "check_results": null
}
